
Microsoft Visual Studio Solution File, Format Version 12.00
Project("{FAE04EC0-301F-11D3-BF4B-00C04F79EFBC}") = "ConsoleApp1", "ConsoleApp1\ConsoleApp1.csproj", "{5BE2893B-967B-4C30-9535-75F705865214}"
EndProject
Project("{FAE04EC0-301F-11D3-BF4B-00C04F79EFBC}") = "ClassLibrary1", "ClassLibrary1\ClassLibrary1.csproj", "{3935C6FF-6554-444F-89E8-9E55EE2FDCF1}"
EndProject
Global
	GlobalSection(SolutionConfigurationPlatforms) = preSolution
		Debug|Any CPU = Debug|Any CPU
		Release|Any CPU = Release|Any CPU
	EndGlobalSection
	GlobalSection(ProjectConfigurationPlatforms) = postSolution
		{5BE2893B-967B-4C30-9535-75F705865214}.Debug|Any CPU.ActiveCfg = Debug|Any CPU
		{5BE2893B-967B-4C30-9535-75F705865214}.Debug|Any CPU.Build.0 = Debug|Any CPU
		{5BE2893B-967B-4C30-9535-75F705865214}.Release|Any CPU.ActiveCfg = Release|Any CPU
		{5BE2893B-967B-4C30-9535-75F705865214}.Release|Any CPU.Build.0 = Release|Any CPU
		{3935C6FF-6554-444F-89E8-9E55EE2FDCF1}.Debug|Any CPU.ActiveCfg = Debug|Any CPU
		{3935C6FF-6554-444F-89E8-9E55EE2FDCF1}.Debug|Any CPU.Build.0 = Debug|Any CPU
		{3935C6FF-6554-444F-89E8-9E55EE2FDCF1}.Release|Any CPU.ActiveCfg = Release|Any CPU
		{3935C6FF-6554-444F-89E8-9E55EE2FDCF1}.Release|Any CPU.Build.0 = Release|Any CPU
	EndGlobalSection
EndGlobal
